
Microsoft Visual Studio Solution File, Format Version 12.00
# Visual Studio Version 16
VisualStudioVersion = 16.0.33130.400
MinimumVisualStudioVersion = 10.0.40219.1
Project("{FAE04EC0-301F-11D3-BF4B-00C04F79EFBC}") = "WindowsFormsApp1", "WindowsFormsApp1\WindowsFormsApp1.csproj", "{63912E25-9D02-44FC-A1FE-6366F6DECE74}"
EndProject
Global
	GlobalSection(SolutionConfigurationPlatforms) = preSolution
		Debug|Any CPU = Debug|Any CPU
		Release|Any CPU = Release|Any CPU
	EndGlobalSection
	GlobalSection(ProjectConfigurationPlatforms) = postSolution
		{63912E25-9D02-44FC-A1FE-6366F6DECE74}.Debug|Any CPU.ActiveCfg = Debug|Any CPU
		{63912E25-9D02-44FC-A1FE-6366F6DECE74}.Debug|Any CPU.Build.0 = Debug|Any CPU
		{63912E25-9D02-44FC-A1FE-6366F6DECE74}.Release|Any CPU.ActiveCfg = Release|Any CPU
		{63912E25-9D02-44FC-A1FE-6366F6DECE74}.Release|Any CPU.Build.0 = Release|Any CPU
	EndGlobalSection
	GlobalSection(SolutionProperties) = preSolution
		HideSolutionNode = FALSE
	EndGlobalSection
	GlobalSection(ExtensibilityGlobals) = postSolution
		SolutionGuid = {D4E2426A-EBAC-40C0-94A4-0FBC902851AF}
	EndGlobalSection
EndGlobal
